{
  "nodes": {
    "mnw": {
      "locked": {
        "lastModified": 1771285028,
        "narHash": "sha256-mR8GDvGPu1QcI5Ft5lV2CIIh5Og7zRylts+XY3fa/K4=",
        "owner": "gerg-l",
        "repo": "mnw",
        "rev": "6bd6ab9968c2432c78db4a91c9b1e84dd84fe6b3",
        "type": "github"
      },
      "original": {
        "owner": "gerg-l",
        "repo": "mnw",
        "type": "github"
      }
    },
    "nixpkgs": {
      "locked": {
        "lastModified": 1772773019,
        "narHash": "sha256-nbKkTH2oRlWaAjeDh/QMraqjfj/C2xJFa53twFzRd8o=",
        "rev": "aca4d95fce4914b3892661bcb80b8087293536c6",
        "type": "tarball",
        "url": "https://releases.nixos.org/nixos/unstable/nixos-26.05pre958961.aca4d95fce49/nixexprs.tar.xz"
      },
      "original": {
        "type": "tarball",
        "url": "https://channels.nixos.org/nixos-unstable/nixexprs.tar.xz"
      }
    },
    "root": {
      "inputs": {
        "mnw": "mnw",
        "nixpkgs": "nixpkgs"
      }
    }
  },
  "root": "root",
  "version": 7
}
